
Microsoft Visual Studio Solution File, Format Version 12.00
# Visual Studio Version 16
VisualStudioVersion = 16.0.31205.134
MinimumVisualStudioVersion = 10.0.40219.1
Project("{FAE04EC0-301F-11D3-BF4B-00C04F79EFBC}") = "Delegates", "Delegates\Delegates.csproj", "{AE97E047-3EE9-4DAA-9187-544B67C86DE1}"
EndProject
Global
	GlobalSection(SolutionConfigurationPlatforms) = preSolution
		Debug|Any CPU = Debug|Any CPU
		Release|Any CPU = Release|Any CPU
	EndGlobalSection
	GlobalSection(ProjectConfigurationPlatforms) = postSolution
		{AE97E047-3EE9-4DAA-9187-544B67C86DE1}.Debug|Any CPU.ActiveCfg = Debug|Any CPU
		{AE97E047-3EE9-4DAA-9187-544B67C86DE1}.Debug|Any CPU.Build.0 = Debug|Any CPU
		{AE97E047-3EE9-4DAA-9187-544B67C86DE1}.Release|Any CPU.ActiveCfg = Release|Any CPU
		{AE97E047-3EE9-4DAA-9187-544B67C86DE1}.Release|Any CPU.Build.0 = Release|Any CPU
	EndGlobalSection
	GlobalSection(SolutionProperties) = preSolution
		HideSolutionNode = FALSE
	EndGlobalSection
	GlobalSection(ExtensibilityGlobals) = postSolution
		SolutionGuid = {A6450F4B-CC71-4119-8439-9E03ECF628FB}
	EndGlobalSection
EndGlobal
