
Microsoft Visual Studio Solution File, Format Version 12.00
# Visual Studio Version 16
VisualStudioVersion = 16.0.31205.134
MinimumVisualStudioVersion = 10.0.40219.1
Project("{9A19103F-16F7-4668-BE54-9A1E7A4F7556}") = "OdoToFood", "OdoToFood\OdoToFood.csproj", "{598F1BE7-E679-4122-9A31-D1093632A026}"
EndProject
Project("{9A19103F-16F7-4668-BE54-9A1E7A4F7556}") = "OdeToFood.Core", "OdeToFood.Core\OdeToFood.Core.csproj", "{48D907EC-1910-4D70-AD10-BCE3A350F74C}"
EndProject
Project("{9A19103F-16F7-4668-BE54-9A1E7A4F7556}") = "OdoToFood.Data", "OdoToFood.Data\OdoToFood.Data.csproj", "{74732C58-A267-4A41-9677-4C41EA2AC430}"
EndProject
Global
	GlobalSection(SolutionConfigurationPlatforms) = preSolution
		Debug|Any CPU = Debug|Any CPU
		Release|Any CPU = Release|Any CPU
	EndGlobalSection
	GlobalSection(ProjectConfigurationPlatforms) = postSolution
		{598F1BE7-E679-4122-9A31-D1093632A026}.Debug|Any CPU.ActiveCfg = Debug|Any CPU
		{598F1BE7-E679-4122-9A31-D1093632A026}.Debug|Any CPU.Build.0 = Debug|Any CPU
		{598F1BE7-E679-4122-9A31-D1093632A026}.Release|Any CPU.ActiveCfg = Release|Any CPU
		{598F1BE7-E679-4122-9A31-D1093632A026}.Release|Any CPU.Build.0 = Release|Any CPU
		{48D907EC-1910-4D70-AD10-BCE3A350F74C}.Debug|Any CPU.ActiveCfg = Debug|Any CPU
		{48D907EC-1910-4D70-AD10-BCE3A350F74C}.Debug|Any CPU.Build.0 = Debug|Any CPU
		{48D907EC-1910-4D70-AD10-BCE3A350F74C}.Release|Any CPU.ActiveCfg = Release|Any CPU
		{48D907EC-1910-4D70-AD10-BCE3A350F74C}.Release|Any CPU.Build.0 = Release|Any CPU
		{74732C58-A267-4A41-9677-4C41EA2AC430}.Debug|Any CPU.ActiveCfg = Debug|Any CPU
		{74732C58-A267-4A41-9677-4C41EA2AC430}.Debug|Any CPU.Build.0 = Debug|Any CPU
		{74732C58-A267-4A41-9677-4C41EA2AC430}.Release|Any CPU.ActiveCfg = Release|Any CPU
		{74732C58-A267-4A41-9677-4C41EA2AC430}.Release|Any CPU.Build.0 = Release|Any CPU
	EndGlobalSection
	GlobalSection(SolutionProperties) = preSolution
		HideSolutionNode = FALSE
	EndGlobalSection
	GlobalSection(ExtensibilityGlobals) = postSolution
		SolutionGuid = {5A5A054E-8551-435C-8D30-C31F1C859DE8}
	EndGlobalSection
EndGlobal
