
Microsoft Visual Studio Solution File, Format Version 12.00
# Visual Studio Version 16
VisualStudioVersion = 16.0.31205.134
MinimumVisualStudioVersion = 10.0.40219.1
Project("{9A19103F-16F7-4668-BE54-9A1E7A4F7556}") = "intro to CSharp", "intro to CSharp\intro to CSharp.csproj", "{45009607-6923-4FEA-8B44-D85CC87DD93D}"
EndProject
Project("{FAE04EC0-301F-11D3-BF4B-00C04F79EFBC}") = "TestProject1", "TestProject1\TestProject1.csproj", "{1B3297DA-9A1A-4060-9023-E6A2721C300C}"
EndProject
Global
	GlobalSection(SolutionConfigurationPlatforms) = preSolution
		Debug|Any CPU = Debug|Any CPU
		Release|Any CPU = Release|Any CPU
	EndGlobalSection
	GlobalSection(ProjectConfigurationPlatforms) = postSolution
		{45009607-6923-4FEA-8B44-D85CC87DD93D}.Debug|Any CPU.ActiveCfg = Debug|Any CPU
		{45009607-6923-4FEA-8B44-D85CC87DD93D}.Debug|Any CPU.Build.0 = Debug|Any CPU
		{45009607-6923-4FEA-8B44-D85CC87DD93D}.Release|Any CPU.ActiveCfg = Release|Any CPU
		{45009607-6923-4FEA-8B44-D85CC87DD93D}.Release|Any CPU.Build.0 = Release|Any CPU
		{1B3297DA-9A1A-4060-9023-E6A2721C300C}.Debug|Any CPU.ActiveCfg = Debug|Any CPU
		{1B3297DA-9A1A-4060-9023-E6A2721C300C}.Debug|Any CPU.Build.0 = Debug|Any CPU
		{1B3297DA-9A1A-4060-9023-E6A2721C300C}.Release|Any CPU.ActiveCfg = Release|Any CPU
		{1B3297DA-9A1A-4060-9023-E6A2721C300C}.Release|Any CPU.Build.0 = Release|Any CPU
	EndGlobalSection
	GlobalSection(SolutionProperties) = preSolution
		HideSolutionNode = FALSE
	EndGlobalSection
	GlobalSection(ExtensibilityGlobals) = postSolution
		SolutionGuid = {73F55772-6208-4F20-9C3A-932825DB2431}
	EndGlobalSection
EndGlobal
